golang.org/x/tools v0.0.0-20181008205924-a2b3f7f249e9 h1:T3nuFyXXDj5KXX9CqQm/r/YEL4Gua01s/ZEdfdLyJ2c=
golang.org/x/tools v0.0.0-20181008205924-a2b3f7f249e9/go.mod h1:n7NCudcB/nEzxVGmLbDWY5pfWTLqBcC2KZ6jyYvM4mQ=
golang.org/x/tools v0.0.0-20181019005945-6adeb8aab2de h1:kT+Ec4AyesVdjJuyBnwnKai/sOSk8JMYn9jetb8bO5s=
golang.org/x/tools v0.0.0-20181019005945-6adeb8aab2de/go.mod h1:n7NCudcB/nEzxVGmLbDWY5pfWTLqBcC2KZ6jyYvM4mQ=
